
Microsoft Visual Studio Solution File, Format Version 12.00
# Visual Studio 15
VisualStudioVersion = 15.0.27004.2008
MinimumVisualStudioVersion = 10.0.40219.1
Project("{FAE04EC0-301F-11D3-BF4B-00C04F79EFBC}") = "Sailing", "Sailing\Sailing.csproj", "{27625EDA-9D8E-436D-8F84-997E1B2BE63B}"
EndProject
Global
	GlobalSection(SolutionConfigurationPlatforms) = preSolution
		Debug|Any CPU = Debug|Any CPU
		Release|Any CPU = Release|Any CPU
	EndGlobalSection
	GlobalSection(ProjectConfigurationPlatforms) = postSolution
		{27625EDA-9D8E-436D-8F84-997E1B2BE63B}.Debug|Any CPU.ActiveCfg = Debug|Any CPU
		{27625EDA-9D8E-436D-8F84-997E1B2BE63B}.Debug|Any CPU.Build.0 = Debug|Any CPU
		{27625EDA-9D8E-436D-8F84-997E1B2BE63B}.Release|Any CPU.ActiveCfg = Release|Any CPU
		{27625EDA-9D8E-436D-8F84-997E1B2BE63B}.Release|Any CPU.Build.0 = Release|Any CPU
	EndGlobalSection
	GlobalSection(SolutionProperties) = preSolution
		HideSolutionNode = FALSE
	EndGlobalSection
	GlobalSection(ExtensibilityGlobals) = postSolution
		SolutionGuid = {2328FCCB-7C10-467C-9AD4-EEE569C1F58A}
	EndGlobalSection
EndGlobal
